# This file is automatically @generated by Poetry 1.7.1 and should not be changed by hand.

[[package]]
name = "ruff"
version = "0.5.0"
description = "An extremely fast Python linter and code formatter, written in Rust."
optional = false
python-versions = ">=3.7"
files = [
    {file = "ruff-0.5.0-py3-none-linux_armv6l.whl", hash = "sha256:ee770ea8ab38918f34e7560a597cc0a8c9a193aaa01bfbd879ef43cb06bd9c4c"},
    {file = "ruff-0.5.0-py3-none-macosx_10_12_x86_64.whl", hash = "sha256:38f3b8327b3cb43474559d435f5fa65dacf723351c159ed0dc567f7ab735d1b6"},
    {file = "ruff-0.5.0-py3-none-macosx_11_0_arm64.whl", hash = "sha256:7594f8df5404a5c5c8f64b8311169879f6cf42142da644c7e0ba3c3f14130370"},
    {file = "ruff-0.5.0-py3-none-manylinux_2_17_aarch64.manylinux2014_aarch64.whl", hash = "sha256:adc7012d6ec85032bc4e9065110df205752d64010bed5f958d25dbee9ce35de3"},
    {file = "ruff-0.5.0-py3-none-manylinux_2_17_armv7l.manylinux2014_armv7l.whl", hash = "sha256:d505fb93b0fabef974b168d9b27c3960714d2ecda24b6ffa6a87ac432905ea38"},
    {file = "ruff-0.5.0-py3-none-manylinux_2_17_i686.manylinux2014_i686.whl", hash = "sha256:9dc5cfd3558f14513ed0d5b70ce531e28ea81a8a3b1b07f0f48421a3d9e7d80a"},
    {file = "ruff-0.5.0-py3-none-manylinux_2_17_ppc64.manylinux2014_ppc64.whl", hash = "sha256:db3ca35265de239a1176d56a464b51557fce41095c37d6c406e658cf80bbb362"},
    {file = "ruff-0.5.0-py3-none-manylinux_2_17_ppc64le.manylinux2014_ppc64le.whl", hash = "sha256:b1a321c4f68809fddd9b282fab6a8d8db796b270fff44722589a8b946925a2a8"},
    {file = "ruff-0.5.0-py3-none-manylinux_2_17_s390x.manylinux2014_s390x.whl", hash = "sha256:2c4dfcd8d34b143916994b3876b63d53f56724c03f8c1a33a253b7b1e6bf2a7d"},
    {file = "ruff-0.5.0-py3-none-manylinux_2_17_x86_64.manylinux2014_x86_64.whl", hash = "sha256:81e5facfc9f4a674c6a78c64d38becfbd5e4f739c31fcd9ce44c849f1fad9e4c"},
    {file = "ruff-0.5.0-py3-none-musllinux_1_2_aarch64.whl", hash = "sha256:e589e27971c2a3efff3fadafb16e5aef7ff93250f0134ec4b52052b673cf988d"},
    {file = "ruff-0.5.0-py3-none-musllinux_1_2_armv7l.whl", hash = "sha256:d2ffbc3715a52b037bcb0f6ff524a9367f642cdc5817944f6af5479bbb2eb50e"},
    {file = "ruff-0.5.0-py3-none-musllinux_1_2_i686.whl", hash = "sha256:cd096e23c6a4f9c819525a437fa0a99d1c67a1b6bb30948d46f33afbc53596cf"},
    {file = "ruff-0.5.0-py3-none-musllinux_1_2_x86_64.whl", hash = "sha256:46e193b36f2255729ad34a49c9a997d506e58f08555366b2108783b3064a0e1e"},
    {file = "ruff-0.5.0-py3-none-win32.whl", hash = "sha256:49141d267100f5ceff541b4e06552e98527870eafa1acc9dec9139c9ec5af64c"},
    {file = "ruff-0.5.0-py3-none-win_amd64.whl", hash = "sha256:e9118f60091047444c1b90952736ee7b1792910cab56e9b9a9ac20af94cd0440"},
    {file = "ruff-0.5.0-py3-none-win_arm64.whl", hash = "sha256:ed5c4df5c1fb4518abcb57725b576659542bdbe93366f4f329e8f398c4b71178"},
    {file = "ruff-0.5.0.tar.gz", hash = "sha256:eb641b5873492cf9bd45bc9c5ae5320648218e04386a5f0c264ad6ccce8226a1"},
]

[[package]]
name = "uv"
version = "0.2.21"
description = "An extremely fast Python package installer and resolver, written in Rust."
optional = false
python-versions = ">=3.8"
files = [
    {file = "uv-0.2.21-py3-none-linux_armv6l.whl", hash = "sha256:4a4c5e18c586ca8440092591b823a5f791479f7831653bc976bef12f556492df"},
    {file = "uv-0.2.21-py3-none-macosx_10_12_x86_64.whl", hash = "sha256:ed98df620ef6c089455e56dcd9fd09047ca936874fd160bd237d949f562c1953"},
    {file = "uv-0.2.21-py3-none-macosx_11_0_arm64.whl", hash = "sha256:69760dc3bc83285d3104d0349454b8c4c689badcce8dac6f4e99f78085dda82e"},
    {file = "uv-0.2.21-py3-none-manylinux_2_17_aarch64.manylinux2014_aarch64.musllinux_1_1_aarch64.whl", hash = "sha256:2990e913bcf67e12a2a651cb084371aa94a4a9c04728b7072c519951e6ddf6b5"},
    {file = "uv-0.2.21-py3-none-manylinux_2_17_armv7l.manylinux2014_armv7l.whl", hash = "sha256:ca326e67201dfd4e91ebecd09d909eaca63ae762e5a579c5143ba7679f5c8981"},
    {file = "uv-0.2.21-py3-none-manylinux_2_17_i686.manylinux2014_i686.whl", hash = "sha256:131dcf8082407acd4ac6d1f448c7945b3e371a4e5fee658f45128f0a2147c4cf"},
    {file = "uv-0.2.21-py3-none-manylinux_2_17_ppc64.manylinux2014_ppc64.whl", hash = "sha256:3caa21b935d61d5ac68e1751b434d637852047e74d72321c1059d6cbcf367f0e"},
    {file = "uv-0.2.21-py3-none-manylinux_2_17_ppc64le.manylinux2014_ppc64le.whl", hash = "sha256:cd6b17738d2345ffc171bdb661e4adc026ef112658b0cb7d5f2eafe53cc51854"},
    {file = "uv-0.2.21-py3-none-manylinux_2_17_s390x.manylinux2014_s390x.whl", hash = "sha256:a44d5fb5d5c42becb60a85d120108919d85f84a48ab4202b482bfedd671906ee"},
    {file = "uv-0.2.21-py3-none-manylinux_2_17_x86_64.manylinux2014_x86_64.whl", hash = "sha256:5521fddb33d13bfa83bdae3c4376eceff43f4b347575edbeb16415c4331c17c1"},
    {file = "uv-0.2.21-py3-none-manylinux_2_28_aarch64.whl", hash = "sha256:542b5418701384daba3f64744fb398c4d9152260385c56fe9d39f4d8ad3e58e3"},
    {file = "uv-0.2.21-py3-none-musllinux_1_1_armv7l.whl", hash = "sha256:78d5973f9ae817bafdbd91987968038c3fb194be9186badf4e57ffd6167bbf48"},
    {file = "uv-0.2.21-py3-none-musllinux_1_1_i686.whl", hash = "sha256:7ba4d9e8a088e0096d0f7b261878d51da346313f7f5004beb66f8cff1948566f"},
    {file = "uv-0.2.21-py3-none-musllinux_1_1_ppc64le.whl", hash = "sha256:1304115ec3b3d93418de893f9303b910e0afa13204912d98ed6cf095947a7000"},
    {file = "uv-0.2.21-py3-none-musllinux_1_1_x86_64.whl", hash = "sha256:74f221e41f80d43122fba66cadbd5fe77975a42ff14af6d76ee86815cef89e02"},
    {file = "uv-0.2.21-py3-none-win32.whl", hash = "sha256:f3b67e1d85104bb4e6f62a0df044e3dc5778283feeaf937c5ec102404f3120ec"},
    {file = "uv-0.2.21-py3-none-win_amd64.whl", hash = "sha256:402f5b4c17eb616d21f66cb65bf3698b1deb7b2bb313734be423b4fd07e3132d"},
    {file = "uv-0.2.21.tar.gz", hash = "sha256:f9c4f9e2597adcaab87bfc68b88dbd85ec04acd51e36aae7d9b6f51c9fc5ebb3"},
]

[metadata]
lock-version = "2.0"
python-versions = ">=3.9.2, <3.13"
content-hash = "b2650566acdc28ec71db8170da645e24a63fa58aa99a4322dfa6ee750d9f14c5"
