# This file is automatically @generated by Poetry 1.8.3 and should not be changed by hand.

[[package]]
name = "ruff"
version = "0.5.0"
description = "An extremely fast Python linter and code formatter, written in Rust."
optional = false
python-versions = ">=3.7"
files = [
    {file = "ruff-0.5.0-py3-none-linux_armv6l.whl", hash = "sha256:ee770ea8ab38918f34e7560a597cc0a8c9a193aaa01bfbd879ef43cb06bd9c4c"},
    {file = "ruff-0.5.0-py3-none-macosx_10_12_x86_64.whl", hash = "sha256:38f3b8327b3cb43474559d435f5fa65dacf723351c159ed0dc567f7ab735d1b6"},
    {file = "ruff-0.5.0-py3-none-macosx_11_0_arm64.whl", hash = "sha256:7594f8df5404a5c5c8f64b8311169879f6cf42142da644c7e0ba3c3f14130370"},
    {file = "ruff-0.5.0-py3-none-manylinux_2_17_aarch64.manylinux2014_aarch64.whl", hash = "sha256:adc7012d6ec85032bc4e9065110df205752d64010bed5f958d25dbee9ce35de3"},
    {file = "ruff-0.5.0-py3-none-manylinux_2_17_armv7l.manylinux2014_armv7l.whl", hash = "sha256:d505fb93b0fabef974b168d9b27c3960714d2ecda24b6ffa6a87ac432905ea38"},
    {file = "ruff-0.5.0-py3-none-manylinux_2_17_i686.manylinux2014_i686.whl", hash = "sha256:9dc5cfd3558f14513ed0d5b70ce531e28ea81a8a3b1b07f0f48421a3d9e7d80a"},
    {file = "ruff-0.5.0-py3-none-manylinux_2_17_ppc64.manylinux2014_ppc64.whl", hash = "sha256:db3ca35265de239a1176d56a464b51557fce41095c37d6c406e658cf80bbb362"},
    {file = "ruff-0.5.0-py3-none-manylinux_2_17_ppc64le.manylinux2014_ppc64le.whl", hash = "sha256:b1a321c4f68809fddd9b282fab6a8d8db796b270fff44722589a8b946925a2a8"},
    {file = "ruff-0.5.0-py3-none-manylinux_2_17_s390x.manylinux2014_s390x.whl", hash = "sha256:2c4dfcd8d34b143916994b3876b63d53f56724c03f8c1a33a253b7b1e6bf2a7d"},
    {file = "ruff-0.5.0-py3-none-manylinux_2_17_x86_64.manylinux2014_x86_64.whl", hash = "sha256:81e5facfc9f4a674c6a78c64d38becfbd5e4f739c31fcd9ce44c849f1fad9e4c"},
    {file = "ruff-0.5.0-py3-none-musllinux_1_2_aarch64.whl", hash = "sha256:e589e27971c2a3efff3fadafb16e5aef7ff93250f0134ec4b52052b673cf988d"},
    {file = "ruff-0.5.0-py3-none-musllinux_1_2_armv7l.whl", hash = "sha256:d2ffbc3715a52b037bcb0f6ff524a9367f642cdc5817944f6af5479bbb2eb50e"},
    {file = "ruff-0.5.0-py3-none-musllinux_1_2_i686.whl", hash = "sha256:cd096e23c6a4f9c819525a437fa0a99d1c67a1b6bb30948d46f33afbc53596cf"},
    {file = "ruff-0.5.0-py3-none-musllinux_1_2_x86_64.whl", hash = "sha256:46e193b36f2255729ad34a49c9a997d506e58f08555366b2108783b3064a0e1e"},
    {file = "ruff-0.5.0-py3-none-win32.whl", hash = "sha256:49141d267100f5ceff541b4e06552e98527870eafa1acc9dec9139c9ec5af64c"},
    {file = "ruff-0.5.0-py3-none-win_amd64.whl", hash = "sha256:e9118f60091047444c1b90952736ee7b1792910cab56e9b9a9ac20af94cd0440"},
    {file = "ruff-0.5.0-py3-none-win_arm64.whl", hash = "sha256:ed5c4df5c1fb4518abcb57725b576659542bdbe93366f4f329e8f398c4b71178"},
    {file = "ruff-0.5.0.tar.gz", hash = "sha256:eb641b5873492cf9bd45bc9c5ae5320648218e04386a5f0c264ad6ccce8226a1"},
]

[[package]]
name = "uv"
version = "0.2.18"
description = "An extremely fast Python package installer and resolver, written in Rust."
optional = false
python-versions = ">=3.8"
files = [
    {file = "uv-0.2.18-py3-none-linux_armv6l.whl", hash = "sha256:94e5b0403592c2a51a294996a03df008573acb061ff2b7a425ff531a71c0034e"},
    {file = "uv-0.2.18-py3-none-macosx_10_12_x86_64.whl", hash = "sha256:a1a44c711d6afdabce461b79467862eacb5be6007d96a9fcff7ecbe1a38724a4"},
    {file = "uv-0.2.18-py3-none-macosx_11_0_arm64.whl", hash = "sha256:eee9773a0a9f02d084a584279891df1fdf4de32d067f273b9480f86c9f91dcdb"},
    {file = "uv-0.2.18-py3-none-manylinux_2_17_aarch64.manylinux2014_aarch64.musllinux_1_1_aarch64.whl", hash = "sha256:fe2cbcedf1f8762f4a39aff1dcbe80eecd885fca3131a9f064f73723d12ef737"},
    {file = "uv-0.2.18-py3-none-manylinux_2_17_armv7l.manylinux2014_armv7l.whl", hash = "sha256:70dd1ff9b04890f44e0e1004ad3c5ad46865cd891dedef64e0774c8bdbba7b16"},
    {file = "uv-0.2.18-py3-none-manylinux_2_17_i686.manylinux2014_i686.whl", hash = "sha256:ccd57f061c5a835cc992d62eaee4ca94ac887c5ef950faa2971c2eb96dca8960"},
    {file = "uv-0.2.18-py3-none-manylinux_2_17_ppc64.manylinux2014_ppc64.whl", hash = "sha256:e8871a4068b2bc348131b0725cd2ed02c479bd3c37d407a9ee8de18b028517d4"},
    {file = "uv-0.2.18-py3-none-manylinux_2_17_ppc64le.manylinux2014_ppc64le.whl", hash = "sha256:762f6dafcea8418ff10b7e8687732d65663788fba41d61e56f282179e130fd40"},
    {file = "uv-0.2.18-py3-none-manylinux_2_17_s390x.manylinux2014_s390x.whl", hash = "sha256:3b758a1b78b960177775dcb9c5bef43198a447d0131039dbf92aff4d2be72484"},
    {file = "uv-0.2.18-py3-none-manylinux_2_17_x86_64.manylinux2014_x86_64.whl", hash = "sha256:f81e1ec404b435d032919e53611fd0ab7d2c63401b3ccbd56d95998732d9af17"},
    {file = "uv-0.2.18-py3-none-manylinux_2_28_aarch64.whl", hash = "sha256:781a9c498e248c675f006f37f3898171a2cfda5e41b5a769e5fc15f089f21589"},
    {file = "uv-0.2.18-py3-none-musllinux_1_1_armv7l.whl", hash = "sha256:fa05fddb10db46fcb84b36cb8294213967f3a78fb16235b8f3f096555c8a9aca"},
    {file = "uv-0.2.18-py3-none-musllinux_1_1_i686.whl", hash = "sha256:edab320a46ddde614d210ed6f2e5cf6c1fdf0baaa0ce9d951760ee3177adcab6"},
    {file = "uv-0.2.18-py3-none-musllinux_1_1_ppc64le.whl", hash = "sha256:113d71c877757ec9f05e2c2138fae97c55da564e5e39beca843b3c3bff8452b5"},
    {file = "uv-0.2.18-py3-none-musllinux_1_1_x86_64.whl", hash = "sha256:0a1be06bb731bd986cc3089f7c5a28ef8f79e6c92b5389b73cb46f586f4e5747"},
    {file = "uv-0.2.18-py3-none-win32.whl", hash = "sha256:102321e8d327d3a286679d867a42d6685b88da5ef8eaef897de5b69581a5d23a"},
    {file = "uv-0.2.18-py3-none-win_amd64.whl", hash = "sha256:091a3867e3797bc4159d5c863ecd17ee3853f9535bc4e2edcc8038326116840b"},
    {file = "uv-0.2.18.tar.gz", hash = "sha256:cc32f9c7d128cb2c20e202c188cb9413557e1d6f0a3a4c6b8e5bb25399f38488"},
]

[metadata]
lock-version = "2.0"
python-versions = ">=3.9.2, <3.12"
content-hash = "efb62733b08cdbbeb38dd23a39dc8c0defb2b862f7577f4c2639f6e50dfe50b7"
